
Microsoft Visual Studio Solution File, Format Version 12.00
# Visual Studio Version 17
VisualStudioVersion = 17.3.32929.385
MinimumVisualStudioVersion = 10.0.40219.1
Project("{FAE04EC0-301F-11D3-BF4B-00C04F79EFBC}") = "DeptManagement", "DeptManagement\DeptManagement.csproj", "{DBEFCA7B-6C20-4A08-96A6-50E3644B885C}"
EndProject
Global
	GlobalSection(SolutionConfigurationPlatforms) = preSolution
		Debug|Any CPU = Debug|Any CPU
		Release|Any CPU = Release|Any CPU
	EndGlobalSection
	GlobalSection(ProjectConfigurationPlatforms) = postSolution
		{DBEFCA7B-6C20-4A08-96A6-50E3644B885C}.Debug|Any CPU.ActiveCfg = Debug|Any CPU
		{DBEFCA7B-6C20-4A08-96A6-50E3644B885C}.Debug|Any CPU.Build.0 = Debug|Any CPU
		{DBEFCA7B-6C20-4A08-96A6-50E3644B885C}.Release|Any CPU.ActiveCfg = Release|Any CPU
		{DBEFCA7B-6C20-4A08-96A6-50E3644B885C}.Release|Any CPU.Build.0 = Release|Any CPU
	EndGlobalSection
	GlobalSection(SolutionProperties) = preSolution
		HideSolutionNode = FALSE
	EndGlobalSection
	GlobalSection(ExtensibilityGlobals) = postSolution
		SolutionGuid = {F8903B53-9EF3-46CB-837C-0DB537E5DF57}
	EndGlobalSection
EndGlobal
